{
  "name": "adaptive-cards-designer-servicenow",
  "version": "0.0.1",
  "lockfileVersion": 2,
  "requires": true,
  "packages": {
    "": {
      "name": "adaptive-cards-designer-servicenow",
      "version": "0.0.1",
      "dependencies": {
        "@servicenow/sass-kit": "latest",
        "@servicenow/ui-core": "24.1.1",
        "@servicenow/ui-renderer-snabbdom": "24.1.1",
        "adaptive-expressions": "^4.22.3",
        "adaptivecards": "^2.11.3",
        "adaptivecards-designer": "^2.4.4",
        "adaptivecards-templating": "^2.3.1",
        "markdown-it": "^14.1.0"
      },
      "devDependencies": {
        "@babel/runtime": "7.18.9",
        "ajv": "^6.12.6",
        "sass": "1.53.0"
      },
      "engines": {
        "node": ">=14"
      }
    },
    "node_modules/@babel/code-frame": {
      "version": "7.24.7",
      "license": "MIT",
      "dependencies": {
        "@babel/highlight": "^7.24.7",
        "picocolors": "^1.0.0"
      },
      "engines": {
        "node": ">=6.9.0"
      }
    },
    "node_modules/@babel/helper-validator-identifier": {
      "version": "7.24.7",
      "license": "MIT",
      "engines": {
        "node": ">=6.9.0"
      }
    },
    "node_modules/@babel/highlight": {
      "version": "7.24.7",
      "license": "MIT",
      "dependencies": {
        "@babel/helper-validator-identifier": "^7.24.7",
        "chalk": "^2.4.2",
        "js-tokens": "^4.0.0",
        "picocolors": "^1.0.0"
      },
      "engines": {
        "node": ">=6.9.0"
      }
    },
    "node_modules/@babel/runtime": {
      "version": "7.18.9",
      "dev": true,
      "license": "MIT",
      "dependencies": {
        "regenerator-runtime": "^0.13.4"
      },
      "engines": {
        "node": ">=6.9.0"
      }
    },
    "node_modules/@microsoft/recognizers-text-data-types-timex-expression": {
      "version": "1.3.0",
      "license": "MIT",
      "engines": {
        "node": ">=10.3.0"
      }
    },
    "node_modules/@servicenow/sass-generic": {
      "version": "19.8.2-ecd",
      "license": "MIT",
      "dependencies": {
        "@servicenow/tool-enhanced-component-archetype": "19.8.2-ecd"
      }
    },
    "node_modules/@servicenow/sass-global": {
      "version": "19.8.2-ecd",
      "license": "MIT",
      "dependencies": {
        "@servicenow/tool-enhanced-component-archetype": "19.8.2-ecd"
      }
    },
    "node_modules/@servicenow/sass-kit": {
      "version": "19.8.2-ecd",
      "resolved": "https://registry.npmjs.org/@servicenow/sass-kit/-/sass-kit-19.8.2-ecd.tgz",
      "integrity": "sha512-gWwH/yXmYUPNQEZIGRbCutOYhy/zwoCuvsR9DfGMFXTkIIZIAByBp05LDSIdeMSnOgu5q7cIQadz8RLZEnojcA==",
      "dependencies": {
        "@servicenow/sass-generic": "19.8.2-ecd",
        "@servicenow/sass-global": "19.8.2-ecd",
        "@servicenow/tool-enhanced-component-archetype": "19.8.2-ecd"
      }
    },
    "node_modules/@servicenow/tool-enhanced-component-archetype": {
      "version": "19.8.2-ecd",
      "license": "MIT"
    },
    "node_modules/@servicenow/ui-config": {
      "version": "24.1.1",
      "license": "MIT",
      "dependencies": {
        "@servicenow/ui-utils": "24.1.1"
      }
    },
    "node_modules/@servicenow/ui-core": {
      "version": "24.1.1",
      "license": "MIT",
      "dependencies": {
        "@servicenow/ui-config": "24.1.1",
        "@servicenow/ui-internal": "24.1.1",
        "@servicenow/ui-metrics": "24.1.1",
        "@servicenow/ui-renderer-default": "24.1.1",
        "@servicenow/ui-types": "24.1.1",
        "@servicenow/ui-utils": "24.1.1",
        "immer": "3.1.2"
      }
    },
    "node_modules/@servicenow/ui-internal": {
      "version": "24.1.1",
      "license": "MIT",
      "dependencies": {
        "@servicenow/ui-config": "24.1.1",
        "@servicenow/ui-metrics": "24.1.1",
        "@servicenow/ui-utils": "24.1.1"
      }
    },
    "node_modules/@servicenow/ui-metrics": {
      "version": "24.1.1",
      "license": "MIT",
      "dependencies": {
        "@servicenow/ui-config": "24.1.1",
        "@servicenow/ui-utils": "24.1.1"
      }
    },
    "node_modules/@servicenow/ui-renderer-default": {
      "version": "24.1.1",
      "license": "MIT",
      "dependencies": {
        "@servicenow/ui-renderer-snabbdom": "24.1.1"
      },
      "engines": {
        "node": ">=14.16.0",
        "npm": ">=6.14.11"
      }
    },
    "node_modules/@servicenow/ui-renderer-snabbdom": {
      "version": "24.1.1",
      "license": "MIT",
      "dependencies": {
        "@servicenow/ui-config": "24.1.1",
        "@servicenow/ui-internal": "24.1.1",
        "@servicenow/ui-metrics": "24.1.1",
        "@servicenow/ui-utils": "24.1.1",
        "snabbdom": "2.1.0",
        "snabbdom-signature": "0.0.3"
      },
      "engines": {
        "node": ">=14.16.0",
        "npm": ">=6.14.11"
      }
    },
    "node_modules/@servicenow/ui-types": {
      "version": "24.1.1",
      "license": "MIT"
    },
    "node_modules/@servicenow/ui-utils": {
      "version": "24.1.1",
      "license": "MIT",
      "dependencies": {
        "sn-http-request": "24.0.3"
      }
    },
    "node_modules/@types/atob-lite": {
      "version": "2.0.2",
      "license": "MIT"
    },
    "node_modules/@types/btoa-lite": {
      "version": "1.0.2",
      "license": "MIT"
    },
    "node_modules/@types/lodash": {
      "version": "4.17.6",
      "license": "MIT"
    },
    "node_modules/@types/lodash.isequal": {
      "version": "4.5.8",
      "license": "MIT",
      "dependencies": {
        "@types/lodash": "*"
      }
    },
    "node_modules/@types/lru-cache": {
      "version": "5.1.1",
      "license": "MIT"
    },
    "node_modules/@types/normalize-package-data": {
      "version": "2.4.4",
      "license": "MIT"
    },
    "node_modules/@types/xmldom": {
      "version": "0.1.34",
      "license": "MIT"
    },
    "node_modules/@xmldom/xmldom": {
      "version": "0.8.10",
      "license": "MIT",
      "engines": {
        "node": ">=10.0.0"
      }
    },
    "node_modules/adaptive-expressions": {
      "version": "4.22.3",
      "license": "MIT",
      "dependencies": {
        "@microsoft/recognizers-text-data-types-timex-expression": "1.3.0",
        "@types/atob-lite": "^2.0.0",
        "@types/btoa-lite": "^1.0.0",
        "@types/lodash.isequal": "^4.5.5",
        "@types/lru-cache": "^5.1.0",
        "@types/xmldom": "^0.1.30",
        "@xmldom/xmldom": "^0.8.6",
        "antlr4ts": "0.5.0-alpha.3",
        "atob-lite": "^2.0.0",
        "big-integer": "^1.6.48",
        "btoa-lite": "^1.0.0",
        "d3-format": "^1.4.4",
        "dayjs": "^1.10.3",
        "fast-xml-parser": "^4.2.5",
        "jspath": "^0.4.0",
        "lodash.isequal": "^4.5.0",
        "lru-cache": "^5.1.1",
        "uuid": "^8.3.2",
        "xpath": "^0.0.32"
      }
    },
    "node_modules/adaptivecards": {
      "version": "2.11.3",
      "license": "MIT",
      "peerDependencies": {
        "swiper": "^8.2.6"
      }
    },
    "node_modules/adaptivecards-controls": {
      "version": "0.10.1",
      "license": "MIT"
    },
    "node_modules/adaptivecards-designer": {
      "version": "2.4.4",
      "license": "MIT",
      "dependencies": {
        "adaptivecards-controls": "^0.10.1",
        "clipboard": "^2.0.1"
      },
      "peerDependencies": {
        "adaptive-expressions": "^4.11.0",
        "adaptivecards": "^2.10.0",
        "adaptivecards-templating": "^2.2.0",
        "monaco-editor": "^0.29.1"
      }
    },
    "node_modules/adaptivecards-templating": {
      "version": "2.3.1",
      "license": "MIT",
      "peerDependencies": {
        "adaptive-expressions": "^4.11.0"
      }
    },
    "node_modules/ajv": {
      "version": "6.12.6",
      "dev": true,
      "license": "MIT",
      "dependencies": {
        "fast-deep-equal": "^3.1.1",
        "fast-json-stable-stringify": "^2.0.0",
        "json-schema-traverse": "^0.4.1",
        "uri-js": "^4.2.2"
      },
      "funding": {
        "type": "github",
        "url": "https://github.com/sponsors/epoberezkin"
      }
    },
    "node_modules/ansi-styles": {
      "version": "3.2.1",
      "license": "MIT",
      "dependencies": {
        "color-convert": "^1.9.0"
      },
      "engines": {
        "node": ">=4"
      }
    },
    "node_modules/antlr4ts": {
      "version": "0.5.0-alpha.3",
      "license": "BSD-3-Clause"
    },
    "node_modules/anymatch": {
      "version": "3.1.3",
      "dev": true,
      "license": "ISC",
      "dependencies": {
        "normalize-path": "^3.0.0",
        "picomatch": "^2.0.4"
      },
      "engines": {
        "node": ">= 8"
      }
    },
    "node_modules/argparse": {
      "version": "2.0.1",
      "license": "Python-2.0"
    },
    "node_modules/atob-lite": {
      "version": "2.0.0",
      "license": "MIT"
    },
    "node_modules/big-integer": {
      "version": "1.6.52",
      "license": "Unlicense",
      "engines": {
        "node": ">=0.6"
      }
    },
    "node_modules/binary-extensions": {
      "version": "2.3.0",
      "dev": true,
      "license": "MIT",
      "engines": {
        "node": ">=8"
      },
      "funding": {
        "url": "https://github.com/sponsors/sindresorhus"
      }
    },
    "node_modules/braces": {
      "version": "3.0.3",
      "dev": true,
      "license": "MIT",
      "dependencies": {
        "fill-range": "^7.1.1"
      },
      "engines": {
        "node": ">=8"
      }
    },
    "node_modules/browser-resolve": {
      "version": "1.11.3",
      "license": "MIT",
      "dependencies": {
        "resolve": "1.1.7"
      }
    },
    "node_modules/btoa-lite": {
      "version": "1.0.0",
      "license": "MIT"
    },
    "node_modules/chalk": {
      "version": "2.4.2",
      "license": "MIT",
      "dependencies": {
        "ansi-styles": "^3.2.1",
        "escape-string-regexp": "^1.0.5",
        "supports-color": "^5.3.0"
      },
      "engines": {
        "node": ">=4"
      }
    },
    "node_modules/chokidar": {
      "version": "3.6.0",
      "dev": true,
      "license": "MIT",
      "dependencies": {
        "anymatch": "~3.1.2",
        "braces": "~3.0.2",
        "glob-parent": "~5.1.2",
        "is-binary-path": "~2.1.0",
        "is-glob": "~4.0.1",
        "normalize-path": "~3.0.0",
        "readdirp": "~3.6.0"
      },
      "engines": {
        "node": ">= 8.10.0"
      },
      "funding": {
        "url": "https://paulmillr.com/funding/"
      },
      "optionalDependencies": {
        "fsevents": "~2.3.2"
      }
    },
    "node_modules/clipboard": {
      "version": "2.0.11",
      "license": "MIT",
      "dependencies": {
        "good-listener": "^1.2.2",
        "select": "^1.1.2",
        "tiny-emitter": "^2.0.0"
      }
    },
    "node_modules/color-convert": {
      "version": "1.9.3",
      "license": "MIT",
      "dependencies": {
        "color-name": "1.1.3"
      }
    },
    "node_modules/color-name": {
      "version": "1.1.3",
      "license": "MIT"
    },
    "node_modules/cuid": {
      "version": "2.0.2",
      "license": "MIT"
    },
    "node_modules/d3-format": {
      "version": "1.4.5",
      "license": "BSD-3-Clause"
    },
    "node_modules/dayjs": {
      "version": "1.11.11",
      "license": "MIT"
    },
    "node_modules/delegate": {
      "version": "3.2.0",
      "license": "MIT"
    },
    "node_modules/dom7": {
      "version": "4.0.6",
      "license": "MIT",
      "peer": true,
      "dependencies": {
        "ssr-window": "^4.0.0"
      }
    },
    "node_modules/entities": {
      "version": "4.5.0",
      "license": "BSD-2-Clause",
      "engines": {
        "node": ">=0.12"
      },
      "funding": {
        "url": "https://github.com/fb55/entities?sponsor=1"
      }
    },
    "node_modules/error-ex": {
      "version": "1.3.2",
      "license": "MIT",
      "dependencies": {
        "is-arrayish": "^0.2.1"
      }
    },
    "node_modules/escape-string-regexp": {
      "version": "1.0.5",
      "license": "MIT",
      "engines": {
        "node": ">=0.8.0"
      }
    },
    "node_modules/fast-deep-equal": {
      "version": "3.1.3",
      "dev": true,
      "license": "MIT"
    },
    "node_modules/fast-json-stable-stringify": {
      "version": "2.1.0",
      "dev": true,
      "license": "MIT"
    },
    "node_modules/fast-xml-parser": {
      "version": "4.4.0",
      "funding": [
        {
          "type": "github",
          "url": "https://github.com/sponsors/NaturalIntelligence"
        },
        {
          "type": "paypal",
          "url": "https://paypal.me/naturalintelligence"
        }
      ],
      "license": "MIT",
      "dependencies": {
        "strnum": "^1.0.5"
      },
      "bin": {
        "fxparser": "src/cli/cli.js"
      }
    },
    "node_modules/fflate": {
      "version": "0.7.1",
      "license": "MIT"
    },
    "node_modules/fill-range": {
      "version": "7.1.1",
      "dev": true,
      "license": "MIT",
      "dependencies": {
        "to-regex-range": "^5.0.1"
      },
      "engines": {
        "node": ">=8"
      }
    },
    "node_modules/find-up": {
      "version": "4.1.0",
      "license": "MIT",
      "dependencies": {
        "locate-path": "^5.0.0",
        "path-exists": "^4.0.0"
      },
      "engines": {
        "node": ">=8"
      }
    },
    "node_modules/function-bind": {
      "version": "1.1.2",
      "license": "MIT",
      "funding": {
        "url": "https://github.com/sponsors/ljharb"
      }
    },
    "node_modules/glob-parent": {
      "version": "5.1.2",
      "dev": true,
      "license": "ISC",
      "dependencies": {
        "is-glob": "^4.0.1"
      },
      "engines": {
        "node": ">= 6"
      }
    },
    "node_modules/good-listener": {
      "version": "1.2.2",
      "license": "MIT",
      "dependencies": {
        "delegate": "^3.1.2"
      }
    },
    "node_modules/has-flag": {
      "version": "3.0.0",
      "license": "MIT",
      "engines": {
        "node": ">=4"
      }
    },
    "node_modules/hasown": {
      "version": "2.0.2",
      "license": "MIT",
      "dependencies": {
        "function-bind": "^1.1.2"
      },
      "engines": {
        "node": ">= 0.4"
      }
    },
    "node_modules/hosted-git-info": {
      "version": "2.8.9",
      "license": "ISC"
    },
    "node_modules/immer": {
      "version": "3.1.2",
      "license": "MIT"
    },
    "node_modules/immutable": {
      "version": "4.3.6",
      "dev": true,
      "license": "MIT"
    },
    "node_modules/invariant": {
      "version": "2.2.4",
      "license": "MIT",
      "dependencies": {
        "loose-envify": "^1.0.0"
      }
    },
    "node_modules/is-arrayish": {
      "version": "0.2.1",
      "license": "MIT"
    },
    "node_modules/is-binary-path": {
      "version": "2.1.0",
      "dev": true,
      "license": "MIT",
      "dependencies": {
        "binary-extensions": "^2.0.0"
      },
      "engines": {
        "node": ">=8"
      }
    },
    "node_modules/is-core-module": {
      "version": "2.14.0",
      "license": "MIT",
      "dependencies": {
        "hasown": "^2.0.2"
      },
      "engines": {
        "node": ">= 0.4"
      },
      "funding": {
        "url": "https://github.com/sponsors/ljharb"
      }
    },
    "node_modules/is-extglob": {
      "version": "2.1.1",
      "dev": true,
      "license": "MIT",
      "engines": {
        "node": ">=0.10.0"
      }
    },
    "node_modules/is-glob": {
      "version": "4.0.3",
      "dev": true,
      "license": "MIT",
      "dependencies": {
        "is-extglob": "^2.1.1"
      },
      "engines": {
        "node": ">=0.10.0"
      }
    },
    "node_modules/is-number": {
      "version": "7.0.0",
      "dev": true,
      "license": "MIT",
      "engines": {
        "node": ">=0.12.0"
      }
    },
    "node_modules/js-tokens": {
      "version": "4.0.0",
      "license": "MIT"
    },
    "node_modules/json-parse-even-better-errors": {
      "version": "2.3.1",
      "license": "MIT"
    },
    "node_modules/json-schema-traverse": {
      "version": "0.4.1",
      "dev": true,
      "license": "MIT"
    },
    "node_modules/jspath": {
      "version": "0.4.0",
      "engines": {
        "node": ">= 0.4.0"
      }
    },
    "node_modules/lines-and-columns": {
      "version": "1.2.4",
      "license": "MIT"
    },
    "node_modules/linkify-it": {
      "version": "5.0.0",
      "license": "MIT",
      "dependencies": {
        "uc.micro": "^2.0.0"
      }
    },
    "node_modules/locate-path": {
      "version": "5.0.0",
      "license": "MIT",
      "dependencies": {
        "p-locate": "^4.1.0"
      },
      "engines": {
        "node": ">=8"
      }
    },
    "node_modules/lodash": {
      "version": "4.17.21",
      "license": "MIT"
    },
    "node_modules/lodash.isequal": {
      "version": "4.5.0",
      "license": "MIT"
    },
    "node_modules/loose-envify": {
      "version": "1.4.0",
      "license": "MIT",
      "dependencies": {
        "js-tokens": "^3.0.0 || ^4.0.0"
      },
      "bin": {
        "loose-envify": "cli.js"
      }
    },
    "node_modules/lru-cache": {
      "version": "5.1.1",
      "license": "ISC",
      "dependencies": {
        "yallist": "^3.0.2"
      }
    },
    "node_modules/markdown-it": {
      "version": "14.1.0",
      "license": "MIT",
      "dependencies": {
        "argparse": "^2.0.1",
        "entities": "^4.4.0",
        "linkify-it": "^5.0.0",
        "mdurl": "^2.0.0",
        "punycode.js": "^2.3.1",
        "uc.micro": "^2.1.0"
      },
      "bin": {
        "markdown-it": "bin/markdown-it.mjs"
      }
    },
    "node_modules/mdurl": {
      "version": "2.0.0",
      "license": "MIT"
    },
    "node_modules/monaco-editor": {
      "version": "0.29.1",
      "resolved": "https://registry.npmjs.org/monaco-editor/-/monaco-editor-0.29.1.tgz",
      "integrity": "sha512-rguaEG/zrPQSaKzQB7IfX/PpNa0qxF1FY8ZXRkN4WIl8qZdTQRSRJCtRto7IMcSgrU6H53RXI+fTcywOBC4aVw==",
      "peer": true
    },
    "node_modules/normalize-package-data": {
      "version": "2.5.0",
      "license": "BSD-2-Clause",
      "dependencies": {
        "hosted-git-info": "^2.1.4",
        "resolve": "^1.10.0",
        "semver": "2 || 3 || 4 || 5",
        "validate-npm-package-license": "^3.0.1"
      }
    },
    "node_modules/normalize-package-data/node_modules/resolve": {
      "version": "1.22.8",
      "license": "MIT",
      "dependencies": {
        "is-core-module": "^2.13.0",
        "path-parse": "^1.0.7",
        "supports-preserve-symlinks-flag": "^1.0.0"
      },
      "bin": {
        "resolve": "bin/resolve"
      },
      "funding": {
        "url": "https://github.com/sponsors/ljharb"
      }
    },
    "node_modules/normalize-path": {
      "version": "3.0.0",
      "dev": true,
      "license": "MIT",
      "engines": {
        "node": ">=0.10.0"
      }
    },
    "node_modules/p-limit": {
      "version": "2.3.0",
      "license": "MIT",
      "dependencies": {
        "p-try": "^2.0.0"
      },
      "engines": {
        "node": ">=6"
      },
      "funding": {
        "url": "https://github.com/sponsors/sindresorhus"
      }
    },
    "node_modules/p-locate": {
      "version": "4.1.0",
      "license": "MIT",
      "dependencies": {
        "p-limit": "^2.2.0"
      },
      "engines": {
        "node": ">=8"
      }
    },
    "node_modules/p-try": {
      "version": "2.2.0",
      "license": "MIT",
      "engines": {
        "node": ">=6"
      }
    },
    "node_modules/parse-json": {
      "version": "5.2.0",
      "license": "MIT",
      "dependencies": {
        "@babel/code-frame": "^7.0.0",
        "error-ex": "^1.3.1",
        "json-parse-even-better-errors": "^2.3.0",
        "lines-and-columns": "^1.1.6"
      },
      "engines": {
        "node": ">=8"
      },
      "funding": {
        "url": "https://github.com/sponsors/sindresorhus"
      }
    },
    "node_modules/path-exists": {
      "version": "4.0.0",
      "license": "MIT",
      "engines": {
        "node": ">=8"
      }
    },
    "node_modules/path-parse": {
      "version": "1.0.7",
      "license": "MIT"
    },
    "node_modules/picocolors": {
      "version": "1.0.1",
      "license": "ISC"
    },
    "node_modules/picomatch": {
      "version": "2.3.1",
      "dev": true,
      "license": "MIT",
      "engines": {
        "node": ">=8.6"
      },
      "funding": {
        "url": "https://github.com/sponsors/jonschlinkert"
      }
    },
    "node_modules/punycode": {
      "version": "2.3.1",
      "dev": true,
      "license": "MIT",
      "engines": {
        "node": ">=6"
      }
    },
    "node_modules/punycode.js": {
      "version": "2.3.1",
      "license": "MIT",
      "engines": {
        "node": ">=6"
      }
    },
    "node_modules/read-pkg": {
      "version": "5.2.0",
      "license": "MIT",
      "dependencies": {
        "@types/normalize-package-data": "^2.4.0",
        "normalize-package-data": "^2.5.0",
        "parse-json": "^5.0.0",
        "type-fest": "^0.6.0"
      },
      "engines": {
        "node": ">=8"
      }
    },
    "node_modules/read-pkg-up": {
      "version": "7.0.1",
      "license": "MIT",
      "dependencies": {
        "find-up": "^4.1.0",
        "read-pkg": "^5.2.0",
        "type-fest": "^0.8.1"
      },
      "engines": {
        "node": ">=8"
      },
      "funding": {
        "url": "https://github.com/sponsors/sindresorhus"
      }
    },
    "node_modules/read-pkg/node_modules/type-fest": {
      "version": "0.6.0",
      "license": "(MIT OR CC0-1.0)",
      "engines": {
        "node": ">=8"
      }
    },
    "node_modules/readdirp": {
      "version": "3.6.0",
      "dev": true,
      "license": "MIT",
      "dependencies": {
        "picomatch": "^2.2.1"
      },
      "engines": {
        "node": ">=8.10.0"
      }
    },
    "node_modules/regenerator-runtime": {
      "version": "0.13.11",
      "dev": true,
      "license": "MIT"
    },
    "node_modules/resolve": {
      "version": "1.1.7",
      "license": "MIT"
    },
    "node_modules/sass": {
      "version": "1.53.0",
      "dev": true,
      "license": "MIT",
      "dependencies": {
        "chokidar": ">=3.0.0 <4.0.0",
        "immutable": "^4.0.0",
        "source-map-js": ">=0.6.2 <2.0.0"
      },
      "bin": {
        "sass": "sass.js"
      },
      "engines": {
        "node": ">=12.0.0"
      }
    },
    "node_modules/select": {
      "version": "1.1.2",
      "license": "MIT"
    },
    "node_modules/semver": {
      "version": "5.7.2",
      "license": "ISC",
      "bin": {
        "semver": "bin/semver"
      }
    },
    "node_modules/sn-http-request": {
      "version": "24.0.3",
      "hasInstallScript": true,
      "license": "MIT",
      "dependencies": {
        "browser-resolve": "1.11.3",
        "cuid": "2.0.2",
        "fflate": "0.7.1",
        "invariant": "2.2.4",
        "lodash": "4.17.21",
        "read-pkg-up": "7.0.1"
      },
      "engines": {
        "node": ">=8.4.0",
        "npm": ">=5.3.0"
      }
    },
    "node_modules/snabbdom": {
      "version": "2.1.0",
      "license": "MIT"
    },
    "node_modules/snabbdom-signature": {
      "version": "0.0.3",
      "license": "MIT"
    },
    "node_modules/source-map-js": {
      "version": "1.2.0",
      "dev": true,
      "license": "BSD-3-Clause",
      "engines": {
        "node": ">=0.10.0"
      }
    },
    "node_modules/spdx-correct": {
      "version": "3.2.0",
      "license": "Apache-2.0",
      "dependencies": {
        "spdx-expression-parse": "^3.0.0",
        "spdx-license-ids": "^3.0.0"
      }
    },
    "node_modules/spdx-exceptions": {
      "version": "2.5.0",
      "license": "CC-BY-3.0"
    },
    "node_modules/spdx-expression-parse": {
      "version": "3.0.1",
      "license": "MIT",
      "dependencies": {
        "spdx-exceptions": "^2.1.0",
        "spdx-license-ids": "^3.0.0"
      }
    },
    "node_modules/spdx-license-ids": {
      "version": "3.0.18",
      "license": "CC0-1.0"
    },
    "node_modules/ssr-window": {
      "version": "4.0.2",
      "license": "MIT",
      "peer": true
    },
    "node_modules/strnum": {
      "version": "1.0.5",
      "license": "MIT"
    },
    "node_modules/supports-color": {
      "version": "5.5.0",
      "license": "MIT",
      "dependencies": {
        "has-flag": "^3.0.0"
      },
      "engines": {
        "node": ">=4"
      }
    },
    "node_modules/supports-preserve-symlinks-flag": {
      "version": "1.0.0",
      "license": "MIT",
      "engines": {
        "node": ">= 0.4"
      },
      "funding": {
        "url": "https://github.com/sponsors/ljharb"
      }
    },
    "node_modules/swiper": {
      "version": "8.4.7",
      "funding": [
        {
          "type": "patreon",
          "url": "https://www.patreon.com/swiperjs"
        },
        {
          "type": "open_collective",
          "url": "http://opencollective.com/swiper"
        }
      ],
      "hasInstallScript": true,
      "license": "MIT",
      "peer": true,
      "dependencies": {
        "dom7": "^4.0.4",
        "ssr-window": "^4.0.2"
      },
      "engines": {
        "node": ">= 4.7.0"
      }
    },
    "node_modules/tiny-emitter": {
      "version": "2.1.0",
      "license": "MIT"
    },
    "node_modules/to-regex-range": {
      "version": "5.0.1",
      "dev": true,
      "license": "MIT",
      "dependencies": {
        "is-number": "^7.0.0"
      },
      "engines": {
        "node": ">=8.0"
      }
    },
    "node_modules/type-fest": {
      "version": "0.8.1",
      "license": "(MIT OR CC0-1.0)",
      "engines": {
        "node": ">=8"
      }
    },
    "node_modules/uc.micro": {
      "version": "2.1.0",
      "license": "MIT"
    },
    "node_modules/uri-js": {
      "version": "4.4.1",
      "dev": true,
      "license": "BSD-2-Clause",
      "dependencies": {
        "punycode": "^2.1.0"
      }
    },
    "node_modules/uuid": {
      "version": "8.3.2",
      "license": "MIT",
      "bin": {
        "uuid": "dist/bin/uuid"
      }
    },
    "node_modules/validate-npm-package-license": {
      "version": "3.0.4",
      "license": "Apache-2.0",
      "dependencies": {
        "spdx-correct": "^3.0.0",
        "spdx-expression-parse": "^3.0.0"
      }
    },
    "node_modules/xpath": {
      "version": "0.0.32",
      "license": "MIT",
      "engines": {
        "node": ">=0.6.0"
      }
    },
    "node_modules/yallist": {
      "version": "3.1.1",
      "license": "ISC"
    }
  },
  "dependencies": {
    "@babel/code-frame": {
      "version": "7.24.7",
      "requires": {
        "@babel/highlight": "^7.24.7",
        "picocolors": "^1.0.0"
      }
    },
    "@babel/helper-validator-identifier": {
      "version": "7.24.7"
    },
    "@babel/highlight": {
      "version": "7.24.7",
      "requires": {
        "@babel/helper-validator-identifier": "^7.24.7",
        "chalk": "^2.4.2",
        "js-tokens": "^4.0.0",
        "picocolors": "^1.0.0"
      }
    },
    "@babel/runtime": {
      "version": "7.18.9",
      "dev": true,
      "requires": {
        "regenerator-runtime": "^0.13.4"
      }
    },
    "@microsoft/recognizers-text-data-types-timex-expression": {
      "version": "1.3.0"
    },
    "@servicenow/sass-generic": {
      "version": "19.8.2-ecd",
      "requires": {
        "@servicenow/tool-enhanced-component-archetype": "19.8.2-ecd"
      }
    },
    "@servicenow/sass-global": {
      "version": "19.8.2-ecd",
      "requires": {
        "@servicenow/tool-enhanced-component-archetype": "19.8.2-ecd"
      }
    },
    "@servicenow/sass-kit": {
      "version": "19.8.2-ecd",
      "resolved": "https://registry.npmjs.org/@servicenow/sass-kit/-/sass-kit-19.8.2-ecd.tgz",
      "integrity": "sha512-gWwH/yXmYUPNQEZIGRbCutOYhy/zwoCuvsR9DfGMFXTkIIZIAByBp05LDSIdeMSnOgu5q7cIQadz8RLZEnojcA==",
      "requires": {
        "@servicenow/sass-generic": "19.8.2-ecd",
        "@servicenow/sass-global": "19.8.2-ecd",
        "@servicenow/tool-enhanced-component-archetype": "19.8.2-ecd"
      }
    },
    "@servicenow/tool-enhanced-component-archetype": {
      "version": "19.8.2-ecd"
    },
    "@servicenow/ui-config": {
      "version": "24.1.1",
      "requires": {
        "@servicenow/ui-utils": "24.1.1"
      }
    },
    "@servicenow/ui-core": {
      "version": "24.1.1",
      "requires": {
        "@servicenow/ui-config": "24.1.1",
        "@servicenow/ui-internal": "24.1.1",
        "@servicenow/ui-metrics": "24.1.1",
        "@servicenow/ui-renderer-default": "24.1.1",
        "@servicenow/ui-types": "24.1.1",
        "@servicenow/ui-utils": "24.1.1",
        "immer": "3.1.2"
      }
    },
    "@servicenow/ui-internal": {
      "version": "24.1.1",
      "requires": {
        "@servicenow/ui-config": "24.1.1",
        "@servicenow/ui-metrics": "24.1.1",
        "@servicenow/ui-utils": "24.1.1"
      }
    },
    "@servicenow/ui-metrics": {
      "version": "24.1.1",
      "requires": {
        "@servicenow/ui-config": "24.1.1",
        "@servicenow/ui-utils": "24.1.1"
      }
    },
    "@servicenow/ui-renderer-default": {
      "version": "24.1.1",
      "requires": {
        "@servicenow/ui-renderer-snabbdom": "24.1.1"
      }
    },
    "@servicenow/ui-renderer-snabbdom": {
      "version": "24.1.1",
      "requires": {
        "@servicenow/ui-config": "24.1.1",
        "@servicenow/ui-internal": "24.1.1",
        "@servicenow/ui-metrics": "24.1.1",
        "@servicenow/ui-utils": "24.1.1",
        "snabbdom": "2.1.0",
        "snabbdom-signature": "0.0.3"
      }
    },
    "@servicenow/ui-types": {
      "version": "24.1.1"
    },
    "@servicenow/ui-utils": {
      "version": "24.1.1",
      "requires": {
        "sn-http-request": "24.0.3"
      }
    },
    "@types/atob-lite": {
      "version": "2.0.2"
    },
    "@types/btoa-lite": {
      "version": "1.0.2"
    },
    "@types/lodash": {
      "version": "4.17.6"
    },
    "@types/lodash.isequal": {
      "version": "4.5.8",
      "requires": {
        "@types/lodash": "*"
      }
    },
    "@types/lru-cache": {
      "version": "5.1.1"
    },
    "@types/normalize-package-data": {
      "version": "2.4.4"
    },
    "@types/xmldom": {
      "version": "0.1.34"
    },
    "@xmldom/xmldom": {
      "version": "0.8.10"
    },
    "adaptive-expressions": {
      "version": "4.22.3",
      "requires": {
        "@microsoft/recognizers-text-data-types-timex-expression": "1.3.0",
        "@types/atob-lite": "^2.0.0",
        "@types/btoa-lite": "^1.0.0",
        "@types/lodash.isequal": "^4.5.5",
        "@types/lru-cache": "^5.1.0",
        "@types/xmldom": "^0.1.30",
        "@xmldom/xmldom": "^0.8.6",
        "antlr4ts": "0.5.0-alpha.3",
        "atob-lite": "^2.0.0",
        "big-integer": "^1.6.48",
        "btoa-lite": "^1.0.0",
        "d3-format": "^1.4.4",
        "dayjs": "^1.10.3",
        "fast-xml-parser": "^4.2.5",
        "jspath": "^0.4.0",
        "lodash.isequal": "^4.5.0",
        "lru-cache": "^5.1.1",
        "uuid": "^8.3.2",
        "xpath": "^0.0.32"
      }
    },
    "adaptivecards": {
      "version": "2.11.3",
      "requires": {}
    },
    "adaptivecards-controls": {
      "version": "0.10.1"
    },
    "adaptivecards-designer": {
      "version": "2.4.4",
      "requires": {
        "adaptivecards-controls": "^0.10.1",
        "clipboard": "^2.0.1"
      }
    },
    "adaptivecards-templating": {
      "version": "2.3.1",
      "requires": {}
    },
    "ajv": {
      "version": "6.12.6",
      "dev": true,
      "requires": {
        "fast-deep-equal": "^3.1.1",
        "fast-json-stable-stringify": "^2.0.0",
        "json-schema-traverse": "^0.4.1",
        "uri-js": "^4.2.2"
      }
    },
    "ansi-styles": {
      "version": "3.2.1",
      "requires": {
        "color-convert": "^1.9.0"
      }
    },
    "antlr4ts": {
      "version": "0.5.0-alpha.3"
    },
    "anymatch": {
      "version": "3.1.3",
      "dev": true,
      "requires": {
        "normalize-path": "^3.0.0",
        "picomatch": "^2.0.4"
      }
    },
    "argparse": {
      "version": "2.0.1"
    },
    "atob-lite": {
      "version": "2.0.0"
    },
    "big-integer": {
      "version": "1.6.52"
    },
    "binary-extensions": {
      "version": "2.3.0",
      "dev": true
    },
    "braces": {
      "version": "3.0.3",
      "dev": true,
      "requires": {
        "fill-range": "^7.1.1"
      }
    },
    "browser-resolve": {
      "version": "1.11.3",
      "requires": {
        "resolve": "1.1.7"
      }
    },
    "btoa-lite": {
      "version": "1.0.0"
    },
    "chalk": {
      "version": "2.4.2",
      "requires": {
        "ansi-styles": "^3.2.1",
        "escape-string-regexp": "^1.0.5",
        "supports-color": "^5.3.0"
      }
    },
    "chokidar": {
      "version": "3.6.0",
      "dev": true,
      "requires": {
        "anymatch": "~3.1.2",
        "braces": "~3.0.2",
        "fsevents": "~2.3.2",
        "glob-parent": "~5.1.2",
        "is-binary-path": "~2.1.0",
        "is-glob": "~4.0.1",
        "normalize-path": "~3.0.0",
        "readdirp": "~3.6.0"
      }
    },
    "clipboard": {
      "version": "2.0.11",
      "requires": {
        "good-listener": "^1.2.2",
        "select": "^1.1.2",
        "tiny-emitter": "^2.0.0"
      }
    },
    "color-convert": {
      "version": "1.9.3",
      "requires": {
        "color-name": "1.1.3"
      }
    },
    "color-name": {
      "version": "1.1.3"
    },
    "cuid": {
      "version": "2.0.2"
    },
    "d3-format": {
      "version": "1.4.5"
    },
    "dayjs": {
      "version": "1.11.11"
    },
    "delegate": {
      "version": "3.2.0"
    },
    "dom7": {
      "version": "4.0.6",
      "peer": true,
      "requires": {
        "ssr-window": "^4.0.0"
      }
    },
    "entities": {
      "version": "4.5.0"
    },
    "error-ex": {
      "version": "1.3.2",
      "requires": {
        "is-arrayish": "^0.2.1"
      }
    },
    "escape-string-regexp": {
      "version": "1.0.5"
    },
    "fast-deep-equal": {
      "version": "3.1.3",
      "dev": true
    },
    "fast-json-stable-stringify": {
      "version": "2.1.0",
      "dev": true
    },
    "fast-xml-parser": {
      "version": "4.4.0",
      "requires": {
        "strnum": "^1.0.5"
      }
    },
    "fflate": {
      "version": "0.7.1"
    },
    "fill-range": {
      "version": "7.1.1",
      "dev": true,
      "requires": {
        "to-regex-range": "^5.0.1"
      }
    },
    "find-up": {
      "version": "4.1.0",
      "requires": {
        "locate-path": "^5.0.0",
        "path-exists": "^4.0.0"
      }
    },
    "function-bind": {
      "version": "1.1.2"
    },
    "glob-parent": {
      "version": "5.1.2",
      "dev": true,
      "requires": {
        "is-glob": "^4.0.1"
      }
    },
    "good-listener": {
      "version": "1.2.2",
      "requires": {
        "delegate": "^3.1.2"
      }
    },
    "has-flag": {
      "version": "3.0.0"
    },
    "hasown": {
      "version": "2.0.2",
      "requires": {
        "function-bind": "^1.1.2"
      }
    },
    "hosted-git-info": {
      "version": "2.8.9"
    },
    "immer": {
      "version": "3.1.2"
    },
    "immutable": {
      "version": "4.3.6",
      "dev": true
    },
    "invariant": {
      "version": "2.2.4",
      "requires": {
        "loose-envify": "^1.0.0"
      }
    },
    "is-arrayish": {
      "version": "0.2.1"
    },
    "is-binary-path": {
      "version": "2.1.0",
      "dev": true,
      "requires": {
        "binary-extensions": "^2.0.0"
      }
    },
    "is-core-module": {
      "version": "2.14.0",
      "requires": {
        "hasown": "^2.0.2"
      }
    },
    "is-extglob": {
      "version": "2.1.1",
      "dev": true
    },
    "is-glob": {
      "version": "4.0.3",
      "dev": true,
      "requires": {
        "is-extglob": "^2.1.1"
      }
    },
    "is-number": {
      "version": "7.0.0",
      "dev": true
    },
    "js-tokens": {
      "version": "4.0.0"
    },
    "json-parse-even-better-errors": {
      "version": "2.3.1"
    },
    "json-schema-traverse": {
      "version": "0.4.1",
      "dev": true
    },
    "jspath": {
      "version": "0.4.0"
    },
    "lines-and-columns": {
      "version": "1.2.4"
    },
    "linkify-it": {
      "version": "5.0.0",
      "requires": {
        "uc.micro": "^2.0.0"
      }
    },
    "locate-path": {
      "version": "5.0.0",
      "requires": {
        "p-locate": "^4.1.0"
      }
    },
    "lodash": {
      "version": "4.17.21"
    },
    "lodash.isequal": {
      "version": "4.5.0"
    },
    "loose-envify": {
      "version": "1.4.0",
      "requires": {
        "js-tokens": "^3.0.0 || ^4.0.0"
      }
    },
    "lru-cache": {
      "version": "5.1.1",
      "requires": {
        "yallist": "^3.0.2"
      }
    },
    "markdown-it": {
      "version": "14.1.0",
      "requires": {
        "argparse": "^2.0.1",
        "entities": "^4.4.0",
        "linkify-it": "^5.0.0",
        "mdurl": "^2.0.0",
        "punycode.js": "^2.3.1",
        "uc.micro": "^2.1.0"
      }
    },
    "mdurl": {
      "version": "2.0.0"
    },
    "monaco-editor": {
      "version": "0.29.1",
      "resolved": "https://registry.npmjs.org/monaco-editor/-/monaco-editor-0.29.1.tgz",
      "integrity": "sha512-rguaEG/zrPQSaKzQB7IfX/PpNa0qxF1FY8ZXRkN4WIl8qZdTQRSRJCtRto7IMcSgrU6H53RXI+fTcywOBC4aVw==",
      "peer": true
    },
    "normalize-package-data": {
      "version": "2.5.0",
      "requires": {
        "hosted-git-info": "^2.1.4",
        "resolve": "^1.10.0",
        "semver": "2 || 3 || 4 || 5",
        "validate-npm-package-license": "^3.0.1"
      },
      "dependencies": {
        "resolve": {
          "version": "1.22.8",
          "requires": {
            "is-core-module": "^2.13.0",
            "path-parse": "^1.0.7",
            "supports-preserve-symlinks-flag": "^1.0.0"
          }
        }
      }
    },
    "normalize-path": {
      "version": "3.0.0",
      "dev": true
    },
    "p-limit": {
      "version": "2.3.0",
      "requires": {
        "p-try": "^2.0.0"
      }
    },
    "p-locate": {
      "version": "4.1.0",
      "requires": {
        "p-limit": "^2.2.0"
      }
    },
    "p-try": {
      "version": "2.2.0"
    },
    "parse-json": {
      "version": "5.2.0",
      "requires": {
        "@babel/code-frame": "^7.0.0",
        "error-ex": "^1.3.1",
        "json-parse-even-better-errors": "^2.3.0",
        "lines-and-columns": "^1.1.6"
      }
    },
    "path-exists": {
      "version": "4.0.0"
    },
    "path-parse": {
      "version": "1.0.7"
    },
    "picocolors": {
      "version": "1.0.1"
    },
    "picomatch": {
      "version": "2.3.1",
      "dev": true
    },
    "punycode": {
      "version": "2.3.1",
      "dev": true
    },
    "punycode.js": {
      "version": "2.3.1"
    },
    "read-pkg": {
      "version": "5.2.0",
      "requires": {
        "@types/normalize-package-data": "^2.4.0",
        "normalize-package-data": "^2.5.0",
        "parse-json": "^5.0.0",
        "type-fest": "^0.6.0"
      },
      "dependencies": {
        "type-fest": {
          "version": "0.6.0"
        }
      }
    },
    "read-pkg-up": {
      "version": "7.0.1",
      "requires": {
        "find-up": "^4.1.0",
        "read-pkg": "^5.2.0",
        "type-fest": "^0.8.1"
      }
    },
    "readdirp": {
      "version": "3.6.0",
      "dev": true,
      "requires": {
        "picomatch": "^2.2.1"
      }
    },
    "regenerator-runtime": {
      "version": "0.13.11",
      "dev": true
    },
    "resolve": {
      "version": "1.1.7"
    },
    "sass": {
      "version": "1.53.0",
      "dev": true,
      "requires": {
        "chokidar": ">=3.0.0 <4.0.0",
        "immutable": "^4.0.0",
        "source-map-js": ">=0.6.2 <2.0.0"
      }
    },
    "select": {
      "version": "1.1.2"
    },
    "semver": {
      "version": "5.7.2"
    },
    "sn-http-request": {
      "version": "24.0.3",
      "requires": {
        "browser-resolve": "1.11.3",
        "cuid": "2.0.2",
        "fflate": "0.7.1",
        "invariant": "2.2.4",
        "lodash": "4.17.21",
        "read-pkg-up": "7.0.1"
      }
    },
    "snabbdom": {
      "version": "2.1.0"
    },
    "snabbdom-signature": {
      "version": "0.0.3"
    },
    "source-map-js": {
      "version": "1.2.0",
      "dev": true
    },
    "spdx-correct": {
      "version": "3.2.0",
      "requires": {
        "spdx-expression-parse": "^3.0.0",
        "spdx-license-ids": "^3.0.0"
      }
    },
    "spdx-exceptions": {
      "version": "2.5.0"
    },
    "spdx-expression-parse": {
      "version": "3.0.1",
      "requires": {
        "spdx-exceptions": "^2.1.0",
        "spdx-license-ids": "^3.0.0"
      }
    },
    "spdx-license-ids": {
      "version": "3.0.18"
    },
    "ssr-window": {
      "version": "4.0.2",
      "peer": true
    },
    "strnum": {
      "version": "1.0.5"
    },
    "supports-color": {
      "version": "5.5.0",
      "requires": {
        "has-flag": "^3.0.0"
      }
    },
    "supports-preserve-symlinks-flag": {
      "version": "1.0.0"
    },
    "swiper": {
      "version": "8.4.7",
      "peer": true,
      "requires": {
        "dom7": "^4.0.4",
        "ssr-window": "^4.0.2"
      }
    },
    "tiny-emitter": {
      "version": "2.1.0"
    },
    "to-regex-range": {
      "version": "5.0.1",
      "dev": true,
      "requires": {
        "is-number": "^7.0.0"
      }
    },
    "type-fest": {
      "version": "0.8.1"
    },
    "uc.micro": {
      "version": "2.1.0"
    },
    "uri-js": {
      "version": "4.4.1",
      "dev": true,
      "requires": {
        "punycode": "^2.1.0"
      }
    },
    "uuid": {
      "version": "8.3.2"
    },
    "validate-npm-package-license": {
      "version": "3.0.4",
      "requires": {
        "spdx-correct": "^3.0.0",
        "spdx-expression-parse": "^3.0.0"
      }
    },
    "xpath": {
      "version": "0.0.32"
    },
    "yallist": {
      "version": "3.1.1"
    }
  }
}
